{
  "name": "import_shapefiles_to_postgres",
  "version": "1.0.0",
  "lockfileVersion": 1,
  "requires": true,
  "dependencies": {
    "arg-parse": {
      "version": "1.0.0",
      "resolved": "https://registry.npmjs.org/arg-parse/-/arg-parse-1.0.0.tgz",
      "integrity": "sha1-XVzK1r/eidhpbt4e1WrwVik4qEY=",
      "requires": {
        "should": "7.1.1"
      }
    },
    "argparse": {
      "version": "1.0.9",
      "resolved": "https://registry.npmjs.org/argparse/-/argparse-1.0.9.tgz",
      "integrity": "sha1-c9g7wmP4bpf4zE9rrhsOkKfSLIY=",
      "requires": {
        "sprintf-js": "1.0.3"
      }
    },
    "bluebird": {
      "version": "3.5.1",
      "resolved": "https://registry.npmjs.org/bluebird/-/bluebird-3.5.1.tgz",
      "integrity": "sha512-MKiLiV+I1AA596t9w1sQJ8jkiSr5+ZKi0WKrYGUn6d1Fx+Ij4tIj+m2WMQSGczs5jZVxV339chE8iwk6F64wjA=="
    },
    "check-more-types": {
      "version": "2.24.0",
      "resolved": "https://registry.npmjs.org/check-more-types/-/check-more-types-2.24.0.tgz",
      "integrity": "sha1-FCD/sQ/URNz8ebQ4kbv//TKoRgA="
    },
    "child_process": {
      "version": "1.0.2",
      "resolved": "https://registry.npmjs.org/child_process/-/child_process-1.0.2.tgz",
      "integrity": "sha1-sffn/HPSXn/R1FWtyU4UODAYK1o="
    },
    "csv-load-sync": {
      "version": "1.0.0",
      "resolved": "https://registry.npmjs.org/csv-load-sync/-/csv-load-sync-1.0.0.tgz",
      "integrity": "sha1-UoXKmTrgcngI9xfab0NisbYhQgU=",
      "requires": {
        "check-more-types": "2.24.0"
      }
    },
    "csvjson": {
      "version": "4.3.4",
      "resolved": "https://registry.npmjs.org/csvjson/-/csvjson-4.3.4.tgz",
      "integrity": "sha1-3Ew3XAJGIctuMVcsElQAm0CpOaM="
    },
    "firstline": {
      "version": "1.2.1",
      "resolved": "https://registry.npmjs.org/firstline/-/firstline-1.2.1.tgz",
      "integrity": "sha1-uIZzxCAJ+IIfrCkm6ZcgrO6ST64="
    },
    "should": {
      "version": "7.1.1",
      "resolved": "https://registry.npmjs.org/should/-/should-7.1.1.tgz",
      "integrity": "sha1-ZGTEi298Hh8YrASDV4+i3VXCxuA=",
      "requires": {
        "should-equal": "0.5.0",
        "should-format": "0.3.1",
        "should-type": "0.2.0"
      }
    },
    "should-equal": {
      "version": "0.5.0",
      "resolved": "https://registry.npmjs.org/should-equal/-/should-equal-0.5.0.tgz",
      "integrity": "sha1-x5fxNfMGf+tp6+zbMGscP+IbPm8=",
      "requires": {
        "should-type": "0.2.0"
      }
    },
    "should-format": {
      "version": "0.3.1",
      "resolved": "https://registry.npmjs.org/should-format/-/should-format-0.3.1.tgz",
      "integrity": "sha1-LLt4JGFnCs5CkrKx7EaNuM+Z4zA=",
      "requires": {
        "should-type": "0.2.0"
      }
    },
    "should-type": {
      "version": "0.2.0",
      "resolved": "https://registry.npmjs.org/should-type/-/should-type-0.2.0.tgz",
      "integrity": "sha1-ZwfvlVKdmJ3MCY/gdTqx+RNrt/Y="
    },
    "sprintf-js": {
      "version": "1.0.3",
      "resolved": "https://registry.npmjs.org/sprintf-js/-/sprintf-js-1.0.3.tgz",
      "integrity": "sha1-BOaSb2YolTVPPdAVIDYzuFcpfiw="
    }
  }
}
